
Microsoft Visual Studio Solution File, Format Version 12.00
# Visual Studio Version 16
VisualStudioVersion = 16.0.33927.289
MinimumVisualStudioVersion = 10.0.40219.1
Project("{2150E333-8FDC-42A3-9474-1A3956D46DE8}") = "0", "0", "{65A4764A-0032-4613-B0D0-1988AB67AB92}"
EndProject
Project("{2150E333-8FDC-42A3-9474-1A3956D46DE8}") = "1", "1", "{88FEB27F-CB56-41DD-BEE1-21E480240B67}"
EndProject
Project("{2150E333-8FDC-42A3-9474-1A3956D46DE8}") = "2", "2", "{756136C4-8F8A-42EE-B7AC-B2CDB6F39291}"
EndProject
Project("{2150E333-8FDC-42A3-9474-1A3956D46DE8}") = "3", "3", "{72A99609-F929-4282-A750-E6AA8CDDAE7C}"
EndProject
Project("{FAE04EC0-301F-11D3-BF4B-00C04F79EFBC}") = "Tyuiu.IvanovJD.Sprint5.Task0.V8", "Tyuiu.IvanovJD.Sprint5.Task0.V8\Tyuiu.IvanovJD.Sprint5.Task0.V8.csproj", "{06C1EF42-D622-45D2-B375-823FA8CE6142}"
EndProject
Project("{FAE04EC0-301F-11D3-BF4B-00C04F79EFBC}") = "Tyuiu.IvanovJD.Sprint5.Task0.V8.Test", "Tyuiu.IvanovJD.Sprint5.Task0.V8.Test\Tyuiu.IvanovJD.Sprint5.Task0.V8.Test.csproj", "{701C6097-17A3-4DBE-AF84-90DEAF3019F6}"
EndProject
Project("{FAE04EC0-301F-11D3-BF4B-00C04F79EFBC}") = "Tyuiu.IvanovJD.Sprint5.Task0.V8.Lib", "Tyuiu.IvanovJD.Sprint5.Task0.V8.Lib\Tyuiu.IvanovJD.Sprint5.Task0.V8.Lib.csproj", "{7B7BFBBC-55CF-4165-96C6-8F968826B8F6}"
EndProject
Project("{FAE04EC0-301F-11D3-BF4B-00C04F79EFBC}") = "Tyuiu.IvanovJD.Sprint5.Task1.V10", "Tyuiu.IvanovJD.Sprint5.Task1.V10\Tyuiu.IvanovJD.Sprint5.Task1.V10.csproj", "{577F21A9-5B83-4E60-BD79-89E1E311FF41}"
EndProject
Project("{FAE04EC0-301F-11D3-BF4B-00C04F79EFBC}") = "Tyuiu.IvanovJD.Sprint5.Task1.V10.Lib", "Tyuiu.IvanovJD.Sprint5.Task1.V10.Lib\Tyuiu.IvanovJD.Sprint5.Task1.V10.Lib.csproj", "{58152895-F8E3-4F98-AF0A-A1D6B8C6060D}"
EndProject
Project("{FAE04EC0-301F-11D3-BF4B-00C04F79EFBC}") = "Tyuiu.IvanovJD.Sprint5.Task1.V10.Test", "Tyuiu.IvanovJD.Sprint5.Task1.V10.Test\Tyuiu.IvanovJD.Sprint5.Task1.V10.Test.csproj", "{96964AC0-576E-4464-993F-D49944DAA654}"
EndProject
Project("{FAE04EC0-301F-11D3-BF4B-00C04F79EFBC}") = "Tyuiu.IvanovJD.Sprint5.Task2.V25", "Tyuiu.IvanovJD.Sprint5.Task2.V25\Tyuiu.IvanovJD.Sprint5.Task2.V25.csproj", "{461BC1AB-94DE-4C02-99F4-B1755969C0C6}"
EndProject
Project("{FAE04EC0-301F-11D3-BF4B-00C04F79EFBC}") = "Tyuiu.IvanovJD.Sprint5.Task2.V25.Test", "Tyuiu.IvanovJD.Sprint5.Task2.V25.Test\Tyuiu.IvanovJD.Sprint5.Task2.V25.Test.csproj", "{B21722E8-2C7D-4EA5-99DA-95B6115089B7}"
EndProject
Project("{FAE04EC0-301F-11D3-BF4B-00C04F79EFBC}") = "Tyuiu.IvanovJD.Sprint5.Task2.V25.Lib", "Tyuiu.IvanovJD.Sprint5.Task2.V25.Lib\Tyuiu.IvanovJD.Sprint5.Task2.V25.Lib.csproj", "{743A807E-37DA-434A-80EE-1F3F7353BCB3}"
EndProject
Project("{FAE04EC0-301F-11D3-BF4B-00C04F79EFBC}") = "Tyuiu.IvanovJD.Sprint5.Task3.V21", "Tyuiu.IvanovJD.Sprint5.Task3.V21\Tyuiu.IvanovJD.Sprint5.Task3.V21.csproj", "{3685C6F8-8917-4519-8E83-C7E8AB8142DE}"
EndProject
Project("{FAE04EC0-301F-11D3-BF4B-00C04F79EFBC}") = "Tyuiu.IvanovJD.Sprint5.Task3.V21.Lib", "Tyuiu.IvanovJD.Sprint5.Task3.V21.Lib\Tyuiu.IvanovJD.Sprint5.Task3.V21.Lib.csproj", "{04B8E1F6-CD93-4A9F-B19F-B664B703F057}"
EndProject
Project("{FAE04EC0-301F-11D3-BF4B-00C04F79EFBC}") = "Tyuiu.IvanovJD.Sprint5.Task3.V21.Test", "Tyuiu.IvanovJD.Sprint5.Task3.V21.Test\Tyuiu.IvanovJD.Sprint5.Task3.V21.Test.csproj", "{D180078C-F156-4968-8054-36F493B9DD0C}"
EndProject
Global
	GlobalSection(SolutionConfigurationPlatforms) = preSolution
		Debug|Any CPU = Debug|Any CPU
		Release|Any CPU = Release|Any CPU
	EndGlobalSection
	GlobalSection(ProjectConfigurationPlatforms) = postSolution
		{06C1EF42-D622-45D2-B375-823FA8CE6142}.Debug|Any CPU.ActiveCfg = Debug|Any CPU
		{06C1EF42-D622-45D2-B375-823FA8CE6142}.Debug|Any CPU.Build.0 = Debug|Any CPU
		{06C1EF42-D622-45D2-B375-823FA8CE6142}.Release|Any CPU.ActiveCfg = Release|Any CPU
		{06C1EF42-D622-45D2-B375-823FA8CE6142}.Release|Any CPU.Build.0 = Release|Any CPU
		{701C6097-17A3-4DBE-AF84-90DEAF3019F6}.Debug|Any CPU.ActiveCfg = Debug|Any CPU
		{701C6097-17A3-4DBE-AF84-90DEAF3019F6}.Debug|Any CPU.Build.0 = Debug|Any CPU
		{701C6097-17A3-4DBE-AF84-90DEAF3019F6}.Release|Any CPU.ActiveCfg = Release|Any CPU
		{701C6097-17A3-4DBE-AF84-90DEAF3019F6}.Release|Any CPU.Build.0 = Release|Any CPU
		{7B7BFBBC-55CF-4165-96C6-8F968826B8F6}.Debug|Any CPU.ActiveCfg = Debug|Any CPU
		{7B7BFBBC-55CF-4165-96C6-8F968826B8F6}.Debug|Any CPU.Build.0 = Debug|Any CPU
		{7B7BFBBC-55CF-4165-96C6-8F968826B8F6}.Release|Any CPU.ActiveCfg = Release|Any CPU
		{7B7BFBBC-55CF-4165-96C6-8F968826B8F6}.Release|Any CPU.Build.0 = Release|Any CPU
		{577F21A9-5B83-4E60-BD79-89E1E311FF41}.Debug|Any CPU.ActiveCfg = Debug|Any CPU
		{577F21A9-5B83-4E60-BD79-89E1E311FF41}.Debug|Any CPU.Build.0 = Debug|Any CPU
		{577F21A9-5B83-4E60-BD79-89E1E311FF41}.Release|Any CPU.ActiveCfg = Release|Any CPU
		{577F21A9-5B83-4E60-BD79-89E1E311FF41}.Release|Any CPU.Build.0 = Release|Any CPU
		{58152895-F8E3-4F98-AF0A-A1D6B8C6060D}.Debug|Any CPU.ActiveCfg = Debug|Any CPU
		{58152895-F8E3-4F98-AF0A-A1D6B8C6060D}.Debug|Any CPU.Build.0 = Debug|Any CPU
		{58152895-F8E3-4F98-AF0A-A1D6B8C6060D}.Release|Any CPU.ActiveCfg = Release|Any CPU
		{58152895-F8E3-4F98-AF0A-A1D6B8C6060D}.Release|Any CPU.Build.0 = Release|Any CPU
		{96964AC0-576E-4464-993F-D49944DAA654}.Debug|Any CPU.ActiveCfg = Debug|Any CPU
		{96964AC0-576E-4464-993F-D49944DAA654}.Debug|Any CPU.Build.0 = Debug|Any CPU
		{96964AC0-576E-4464-993F-D49944DAA654}.Release|Any CPU.ActiveCfg = Release|Any CPU
		{96964AC0-576E-4464-993F-D49944DAA654}.Release|Any CPU.Build.0 = Release|Any CPU
		{461BC1AB-94DE-4C02-99F4-B1755969C0C6}.Debug|Any CPU.ActiveCfg = Debug|Any CPU
		{461BC1AB-94DE-4C02-99F4-B1755969C0C6}.Debug|Any CPU.Build.0 = Debug|Any CPU
		{461BC1AB-94DE-4C02-99F4-B1755969C0C6}.Release|Any CPU.ActiveCfg = Release|Any CPU
		{461BC1AB-94DE-4C02-99F4-B1755969C0C6}.Release|Any CPU.Build.0 = Release|Any CPU
		{B21722E8-2C7D-4EA5-99DA-95B6115089B7}.Debug|Any CPU.ActiveCfg = Debug|Any CPU
		{B21722E8-2C7D-4EA5-99DA-95B6115089B7}.Debug|Any CPU.Build.0 = Debug|Any CPU
		{B21722E8-2C7D-4EA5-99DA-95B6115089B7}.Release|Any CPU.ActiveCfg = Release|Any CPU
		{B21722E8-2C7D-4EA5-99DA-95B6115089B7}.Release|Any CPU.Build.0 = Release|Any CPU
		{743A807E-37DA-434A-80EE-1F3F7353BCB3}.Debug|Any CPU.ActiveCfg = Debug|Any CPU
		{743A807E-37DA-434A-80EE-1F3F7353BCB3}.Debug|Any CPU.Build.0 = Debug|Any CPU
		{743A807E-37DA-434A-80EE-1F3F7353BCB3}.Release|Any CPU.ActiveCfg = Release|Any CPU
		{743A807E-37DA-434A-80EE-1F3F7353BCB3}.Release|Any CPU.Build.0 = Release|Any CPU
		{3685C6F8-8917-4519-8E83-C7E8AB8142DE}.Debug|Any CPU.ActiveCfg = Debug|Any CPU
		{3685C6F8-8917-4519-8E83-C7E8AB8142DE}.Debug|Any CPU.Build.0 = Debug|Any CPU
		{3685C6F8-8917-4519-8E83-C7E8AB8142DE}.Release|Any CPU.ActiveCfg = Release|Any CPU
		{3685C6F8-8917-4519-8E83-C7E8AB8142DE}.Release|Any CPU.Build.0 = Release|Any CPU
		{04B8E1F6-CD93-4A9F-B19F-B664B703F057}.Debug|Any CPU.ActiveCfg = Debug|Any CPU
		{04B8E1F6-CD93-4A9F-B19F-B664B703F057}.Debug|Any CPU.Build.0 = Debug|Any CPU
		{04B8E1F6-CD93-4A9F-B19F-B664B703F057}.Release|Any CPU.ActiveCfg = Release|Any CPU
		{04B8E1F6-CD93-4A9F-B19F-B664B703F057}.Release|Any CPU.Build.0 = Release|Any CPU
		{D180078C-F156-4968-8054-36F493B9DD0C}.Debug|Any CPU.ActiveCfg = Debug|Any CPU
		{D180078C-F156-4968-8054-36F493B9DD0C}.Debug|Any CPU.Build.0 = Debug|Any CPU
		{D180078C-F156-4968-8054-36F493B9DD0C}.Release|Any CPU.ActiveCfg = Release|Any CPU
		{D180078C-F156-4968-8054-36F493B9DD0C}.Release|Any CPU.Build.0 = Release|Any CPU
	EndGlobalSection
	GlobalSection(SolutionProperties) = preSolution
		HideSolutionNode = FALSE
	EndGlobalSection
	GlobalSection(NestedProjects) = preSolution
		{06C1EF42-D622-45D2-B375-823FA8CE6142} = {65A4764A-0032-4613-B0D0-1988AB67AB92}
		{701C6097-17A3-4DBE-AF84-90DEAF3019F6} = {65A4764A-0032-4613-B0D0-1988AB67AB92}
		{7B7BFBBC-55CF-4165-96C6-8F968826B8F6} = {65A4764A-0032-4613-B0D0-1988AB67AB92}
		{577F21A9-5B83-4E60-BD79-89E1E311FF41} = {88FEB27F-CB56-41DD-BEE1-21E480240B67}
		{58152895-F8E3-4F98-AF0A-A1D6B8C6060D} = {88FEB27F-CB56-41DD-BEE1-21E480240B67}
		{96964AC0-576E-4464-993F-D49944DAA654} = {88FEB27F-CB56-41DD-BEE1-21E480240B67}
		{461BC1AB-94DE-4C02-99F4-B1755969C0C6} = {756136C4-8F8A-42EE-B7AC-B2CDB6F39291}
		{B21722E8-2C7D-4EA5-99DA-95B6115089B7} = {756136C4-8F8A-42EE-B7AC-B2CDB6F39291}
		{743A807E-37DA-434A-80EE-1F3F7353BCB3} = {756136C4-8F8A-42EE-B7AC-B2CDB6F39291}
		{3685C6F8-8917-4519-8E83-C7E8AB8142DE} = {72A99609-F929-4282-A750-E6AA8CDDAE7C}
		{04B8E1F6-CD93-4A9F-B19F-B664B703F057} = {72A99609-F929-4282-A750-E6AA8CDDAE7C}
		{D180078C-F156-4968-8054-36F493B9DD0C} = {72A99609-F929-4282-A750-E6AA8CDDAE7C}
	EndGlobalSection
	GlobalSection(ExtensibilityGlobals) = postSolution
		SolutionGuid = {FE62A772-D1C3-47BE-A5B4-54EE5CADE819}
	EndGlobalSection
EndGlobal
