
Microsoft Visual Studio Solution File, Format Version 12.00
# Visual Studio Version 16
VisualStudioVersion = 16.0.33927.289
MinimumVisualStudioVersion = 10.0.40219.1
Project("{2150E333-8FDC-42A3-9474-1A3956D46DE8}") = "0", "0", "{65A4764A-0032-4613-B0D0-1988AB67AB92}"
EndProject
Project("{2150E333-8FDC-42A3-9474-1A3956D46DE8}") = "1", "1", "{88FEB27F-CB56-41DD-BEE1-21E480240B67}"
EndProject
Project("{2150E333-8FDC-42A3-9474-1A3956D46DE8}") = "2", "2", "{756136C4-8F8A-42EE-B7AC-B2CDB6F39291}"
EndProject
Project("{2150E333-8FDC-42A3-9474-1A3956D46DE8}") = "3", "3", "{72A99609-F929-4282-A750-E6AA8CDDAE7C}"
EndProject
Project("{FAE04EC0-301F-11D3-BF4B-00C04F79EFBC}") = "Tyuiu.IvanovJD.Sprint5.Task0.V8", "Tyuiu.IvanovJD.Sprint5.Task0.V8\Tyuiu.IvanovJD.Sprint5.Task0.V8.csproj", "{06C1EF42-D622-45D2-B375-823FA8CE6142}"
EndProject
Project("{FAE04EC0-301F-11D3-BF4B-00C04F79EFBC}") = "Tyuiu.IvanovJD.Sprint5.Task0.V8.Test", "Tyuiu.IvanovJD.Sprint5.Task0.V8.Test\Tyuiu.IvanovJD.Sprint5.Task0.V8.Test.csproj", "{701C6097-17A3-4DBE-AF84-90DEAF3019F6}"
EndProject
Project("{FAE04EC0-301F-11D3-BF4B-00C04F79EFBC}") = "Tyuiu.IvanovJD.Sprint5.Task0.V8.Lib", "Tyuiu.IvanovJD.Sprint5.Task0.V8.Lib\Tyuiu.IvanovJD.Sprint5.Task0.V8.Lib.csproj", "{7B7BFBBC-55CF-4165-96C6-8F968826B8F6}"
EndProject
Project("{FAE04EC0-301F-11D3-BF4B-00C04F79EFBC}") = "Tyuiu.IvanovJD.Sprint5.Task1.V10", "Tyuiu.IvanovJD.Sprint5.Task1.V10\Tyuiu.IvanovJD.Sprint5.Task1.V10.csproj", "{577F21A9-5B83-4E60-BD79-89E1E311FF41}"
EndProject
Project("{FAE04EC0-301F-11D3-BF4B-00C04F79EFBC}") = "Tyuiu.IvanovJD.Sprint5.Task1.V10.Lib", "Tyuiu.IvanovJD.Sprint5.Task1.V10.Lib\Tyuiu.IvanovJD.Sprint5.Task1.V10.Lib.csproj", "{58152895-F8E3-4F98-AF0A-A1D6B8C6060D}"
EndProject
Project("{FAE04EC0-301F-11D3-BF4B-00C04F79EFBC}") = "Tyuiu.IvanovJD.Sprint5.Task1.V10.Test", "Tyuiu.IvanovJD.Sprint5.Task1.V10.Test\Tyuiu.IvanovJD.Sprint5.Task1.V10.Test.csproj", "{96964AC0-576E-4464-993F-D49944DAA654}"
EndProject
Project("{FAE04EC0-301F-11D3-BF4B-00C04F79EFBC}") = "Tyuiu.IvanovJD.Sprint5.Task2.V25", "Tyuiu.IvanovJD.Sprint5.Task2.V25\Tyuiu.IvanovJD.Sprint5.Task2.V25.csproj", "{461BC1AB-94DE-4C02-99F4-B1755969C0C6}"
EndProject
Project("{FAE04EC0-301F-11D3-BF4B-00C04F79EFBC}") = "Tyuiu.IvanovJD.Sprint5.Task2.V25.Test", "Tyuiu.IvanovJD.Sprint5.Task2.V25.Test\Tyuiu.IvanovJD.Sprint5.Task2.V25.Test.csproj", "{B21722E8-2C7D-4EA5-99DA-95B6115089B7}"
EndProject
Project("{FAE04EC0-301F-11D3-BF4B-00C04F79EFBC}") = "Tyuiu.IvanovJD.Sprint5.Task2.V25.Lib", "Tyuiu.IvanovJD.Sprint5.Task2.V25.Lib\Tyuiu.IvanovJD.Sprint5.Task2.V25.Lib.csproj", "{743A807E-37DA-434A-80EE-1F3F7353BCB3}"
EndProject
Project("{FAE04EC0-301F-11D3-BF4B-00C04F79EFBC}") = "Tyuiu.IvanovJD.Sprint5.Task3.V21", "Tyuiu.IvanovJD.Sprint5.Task3.V21\Tyuiu.IvanovJD.Sprint5.Task3.V21.csproj", "{3685C6F8-8917-4519-8E83-C7E8AB8142DE}"
EndProject
Project("{FAE04EC0-301F-11D3-BF4B-00C04F79EFBC}") = "Tyuiu.IvanovJD.Sprint5.Task3.V21.Lib", "Tyuiu.IvanovJD.Sprint5.Task3.V21.Lib\Tyuiu.IvanovJD.Sprint5.Task3.V21.Lib.csproj", "{04B8E1F6-CD93-4A9F-B19F-B664B703F057}"
EndProject
Project("{FAE04EC0-301F-11D3-BF4B-00C04F79EFBC}") = "Tyuiu.IvanovJD.Sprint5.Task3.V21.Test", "Tyuiu.IvanovJD.Sprint5.Task3.V21.Test\Tyuiu.IvanovJD.Sprint5.Task3.V21.Test.csproj", "{D180078C-F156-4968-8054-36F493B9DD0C}"
EndProject
Project("{2150E333-8FDC-42A3-9474-1A3956D46DE8}") = "4", "4", "{B1C8583D-65A6-4170-BAA8-1005B2FDD9E1}"
EndProject
Project("{FAE04EC0-301F-11D3-BF4B-00C04F79EFBC}") = "Tyuiu.IvanovJD.Sprint5.Task4.V19", "Tyuiu.IvanovJD.Sprint5.Task4.V19\Tyuiu.IvanovJD.Sprint5.Task4.V19.csproj", "{3BA5E0D9-F3C9-4CB6-BD07-0ABC6F69FB57}"
EndProject
Project("{FAE04EC0-301F-11D3-BF4B-00C04F79EFBC}") = "Tyuiu.IvanovJD.Sprint5.Task4.V19.Lib", "Tyuiu.IvanovJD.Sprint5.Task4.V19.Lib\Tyuiu.IvanovJD.Sprint5.Task4.V19.Lib.csproj", "{C3C571B1-C7AB-4D16-8C09-E8FDE7C0E13B}"
EndProject
Project("{FAE04EC0-301F-11D3-BF4B-00C04F79EFBC}") = "Tyuiu.IvanovJD.Sprint5.Task4.V19.Test", "Tyuiu.IvanovJD.Sprint5.Task4.V19.Test\Tyuiu.IvanovJD.Sprint5.Task4.V19.Test.csproj", "{EBBD0333-6548-40CE-A8DA-508FDE6F2498}"
EndProject
Project("{FAE04EC0-301F-11D3-BF4B-00C04F79EFBC}") = "Tyuiu.IvanovJD.Sprint5.Task5.V30.Lib", "Tyuiu.IvanovJD.Sprint5.Task5.V30.Lib\Tyuiu.IvanovJD.Sprint5.Task5.V30.Lib.csproj", "{E8D83D67-B157-42D1-AA97-4F34BD98F57F}"
EndProject
Project("{FAE04EC0-301F-11D3-BF4B-00C04F79EFBC}") = "Tyuiu.IvanovJD.Sprint5.Task5.V30.Test", "Tyuiu.IvanovJD.Sprint5.Task5.V30.Test\Tyuiu.IvanovJD.Sprint5.Task5.V30.Test.csproj", "{78852A72-71D0-49E4-ACA0-C3BCE9DCD3A9}"
EndProject
Project("{FAE04EC0-301F-11D3-BF4B-00C04F79EFBC}") = "Tyuiu.IvanovJD.Sprint5.Task5.V30", "Tyuiu.IvanovJD.Sprint5.Task5.V30\Tyuiu.IvanovJD.Sprint5.Task5.V30.csproj", "{2964F2C6-8CB6-44B8-895D-2C0C32E6995D}"
EndProject
Project("{2150E333-8FDC-42A3-9474-1A3956D46DE8}") = "6", "6", "{08BB1EFC-15E3-409B-9273-E7FC0813AD79}"
EndProject
Project("{FAE04EC0-301F-11D3-BF4B-00C04F79EFBC}") = "Tyuiu.IvanovJD.Sprint5.Task6.V11", "Tyuiu.IvanovJD.Sprint5.Task6.V11\Tyuiu.IvanovJD.Sprint5.Task6.V11.csproj", "{47F52B9C-1FB0-4D3A-B41C-4D710567A2D1}"
EndProject
Project("{FAE04EC0-301F-11D3-BF4B-00C04F79EFBC}") = "Tyuiu.IvanovJD.Sprint5.Task6.V11.Lib", "Tyuiu.IvanovJD.Sprint5.Task6.V11.Lib\Tyuiu.IvanovJD.Sprint5.Task6.V11.Lib.csproj", "{F8BF3F0E-5B07-4165-A540-984509C6D1D4}"
EndProject
Project("{FAE04EC0-301F-11D3-BF4B-00C04F79EFBC}") = "Tyuiu.IvanovJD.Sprint5.Task6.V11.Test", "Tyuiu.IvanovJD.Sprint5.Task6.V11.Test\Tyuiu.IvanovJD.Sprint5.Task6.V11.Test.csproj", "{2141AF5B-693F-4728-9BBB-C8C50D9FF50A}"
EndProject
Project("{2150E333-8FDC-42A3-9474-1A3956D46DE8}") = "7", "7", "{20D83271-3071-458F-95E2-E8E1F8956B0D}"
EndProject
Project("{FAE04EC0-301F-11D3-BF4B-00C04F79EFBC}") = "Tyuiu.IvanovJD.Sprint5.Task7.V25", "Tyuiu.IvanovJD.Sprint5.Task7.V25\Tyuiu.IvanovJD.Sprint5.Task7.V25.csproj", "{63994B9B-7264-45EE-A120-127E2B5E305E}"
EndProject
Project("{FAE04EC0-301F-11D3-BF4B-00C04F79EFBC}") = "Tyuiu.IvanovJD.Sprint5.Task7.V25.Test", "Tyuiu.IvanovJD.Sprint5.Task7.V25.Test\Tyuiu.IvanovJD.Sprint5.Task7.V25.Test.csproj", "{0183F6D3-75D7-4BD5-AA09-D97D12F1A80A}"
EndProject
Project("{FAE04EC0-301F-11D3-BF4B-00C04F79EFBC}") = "Tyuiu.IvanovJD.Sprint5.Task7.V25.Lib", "Tyuiu.IvanovJD.Sprint5.Task7.V25.Lib\Tyuiu.IvanovJD.Sprint5.Task7.V25.Lib.csproj", "{572B051F-B7E2-439D-87B3-C99B2B87C3FD}"
EndProject
Global
	GlobalSection(SolutionConfigurationPlatforms) = preSolution
		Debug|Any CPU = Debug|Any CPU
		Release|Any CPU = Release|Any CPU
	EndGlobalSection
	GlobalSection(ProjectConfigurationPlatforms) = postSolution
		{06C1EF42-D622-45D2-B375-823FA8CE6142}.Debug|Any CPU.ActiveCfg = Debug|Any CPU
		{06C1EF42-D622-45D2-B375-823FA8CE6142}.Debug|Any CPU.Build.0 = Debug|Any CPU
		{06C1EF42-D622-45D2-B375-823FA8CE6142}.Release|Any CPU.ActiveCfg = Release|Any CPU
		{06C1EF42-D622-45D2-B375-823FA8CE6142}.Release|Any CPU.Build.0 = Release|Any CPU
		{701C6097-17A3-4DBE-AF84-90DEAF3019F6}.Debug|Any CPU.ActiveCfg = Debug|Any CPU
		{701C6097-17A3-4DBE-AF84-90DEAF3019F6}.Debug|Any CPU.Build.0 = Debug|Any CPU
		{701C6097-17A3-4DBE-AF84-90DEAF3019F6}.Release|Any CPU.ActiveCfg = Release|Any CPU
		{701C6097-17A3-4DBE-AF84-90DEAF3019F6}.Release|Any CPU.Build.0 = Release|Any CPU
		{7B7BFBBC-55CF-4165-96C6-8F968826B8F6}.Debug|Any CPU.ActiveCfg = Debug|Any CPU
		{7B7BFBBC-55CF-4165-96C6-8F968826B8F6}.Debug|Any CPU.Build.0 = Debug|Any CPU
		{7B7BFBBC-55CF-4165-96C6-8F968826B8F6}.Release|Any CPU.ActiveCfg = Release|Any CPU
		{7B7BFBBC-55CF-4165-96C6-8F968826B8F6}.Release|Any CPU.Build.0 = Release|Any CPU
		{577F21A9-5B83-4E60-BD79-89E1E311FF41}.Debug|Any CPU.ActiveCfg = Debug|Any CPU
		{577F21A9-5B83-4E60-BD79-89E1E311FF41}.Debug|Any CPU.Build.0 = Debug|Any CPU
		{577F21A9-5B83-4E60-BD79-89E1E311FF41}.Release|Any CPU.ActiveCfg = Release|Any CPU
		{577F21A9-5B83-4E60-BD79-89E1E311FF41}.Release|Any CPU.Build.0 = Release|Any CPU
		{58152895-F8E3-4F98-AF0A-A1D6B8C6060D}.Debug|Any CPU.ActiveCfg = Debug|Any CPU
		{58152895-F8E3-4F98-AF0A-A1D6B8C6060D}.Debug|Any CPU.Build.0 = Debug|Any CPU
		{58152895-F8E3-4F98-AF0A-A1D6B8C6060D}.Release|Any CPU.ActiveCfg = Release|Any CPU
		{58152895-F8E3-4F98-AF0A-A1D6B8C6060D}.Release|Any CPU.Build.0 = Release|Any CPU
		{96964AC0-576E-4464-993F-D49944DAA654}.Debug|Any CPU.ActiveCfg = Debug|Any CPU
		{96964AC0-576E-4464-993F-D49944DAA654}.Debug|Any CPU.Build.0 = Debug|Any CPU
		{96964AC0-576E-4464-993F-D49944DAA654}.Release|Any CPU.ActiveCfg = Release|Any CPU
		{96964AC0-576E-4464-993F-D49944DAA654}.Release|Any CPU.Build.0 = Release|Any CPU
		{461BC1AB-94DE-4C02-99F4-B1755969C0C6}.Debug|Any CPU.ActiveCfg = Debug|Any CPU
		{461BC1AB-94DE-4C02-99F4-B1755969C0C6}.Debug|Any CPU.Build.0 = Debug|Any CPU
		{461BC1AB-94DE-4C02-99F4-B1755969C0C6}.Release|Any CPU.ActiveCfg = Release|Any CPU
		{461BC1AB-94DE-4C02-99F4-B1755969C0C6}.Release|Any CPU.Build.0 = Release|Any CPU
		{B21722E8-2C7D-4EA5-99DA-95B6115089B7}.Debug|Any CPU.ActiveCfg = Debug|Any CPU
		{B21722E8-2C7D-4EA5-99DA-95B6115089B7}.Debug|Any CPU.Build.0 = Debug|Any CPU
		{B21722E8-2C7D-4EA5-99DA-95B6115089B7}.Release|Any CPU.ActiveCfg = Release|Any CPU
		{B21722E8-2C7D-4EA5-99DA-95B6115089B7}.Release|Any CPU.Build.0 = Release|Any CPU
		{743A807E-37DA-434A-80EE-1F3F7353BCB3}.Debug|Any CPU.ActiveCfg = Debug|Any CPU
		{743A807E-37DA-434A-80EE-1F3F7353BCB3}.Debug|Any CPU.Build.0 = Debug|Any CPU
		{743A807E-37DA-434A-80EE-1F3F7353BCB3}.Release|Any CPU.ActiveCfg = Release|Any CPU
		{743A807E-37DA-434A-80EE-1F3F7353BCB3}.Release|Any CPU.Build.0 = Release|Any CPU
		{3685C6F8-8917-4519-8E83-C7E8AB8142DE}.Debug|Any CPU.ActiveCfg = Debug|Any CPU
		{3685C6F8-8917-4519-8E83-C7E8AB8142DE}.Debug|Any CPU.Build.0 = Debug|Any CPU
		{3685C6F8-8917-4519-8E83-C7E8AB8142DE}.Release|Any CPU.ActiveCfg = Release|Any CPU
		{3685C6F8-8917-4519-8E83-C7E8AB8142DE}.Release|Any CPU.Build.0 = Release|Any CPU
		{04B8E1F6-CD93-4A9F-B19F-B664B703F057}.Debug|Any CPU.ActiveCfg = Debug|Any CPU
		{04B8E1F6-CD93-4A9F-B19F-B664B703F057}.Debug|Any CPU.Build.0 = Debug|Any CPU
		{04B8E1F6-CD93-4A9F-B19F-B664B703F057}.Release|Any CPU.ActiveCfg = Release|Any CPU
		{04B8E1F6-CD93-4A9F-B19F-B664B703F057}.Release|Any CPU.Build.0 = Release|Any CPU
		{D180078C-F156-4968-8054-36F493B9DD0C}.Debug|Any CPU.ActiveCfg = Debug|Any CPU
		{D180078C-F156-4968-8054-36F493B9DD0C}.Debug|Any CPU.Build.0 = Debug|Any CPU
		{D180078C-F156-4968-8054-36F493B9DD0C}.Release|Any CPU.ActiveCfg = Release|Any CPU
		{D180078C-F156-4968-8054-36F493B9DD0C}.Release|Any CPU.Build.0 = Release|Any CPU
		{3BA5E0D9-F3C9-4CB6-BD07-0ABC6F69FB57}.Debug|Any CPU.ActiveCfg = Debug|Any CPU
		{3BA5E0D9-F3C9-4CB6-BD07-0ABC6F69FB57}.Debug|Any CPU.Build.0 = Debug|Any CPU
		{3BA5E0D9-F3C9-4CB6-BD07-0ABC6F69FB57}.Release|Any CPU.ActiveCfg = Release|Any CPU
		{3BA5E0D9-F3C9-4CB6-BD07-0ABC6F69FB57}.Release|Any CPU.Build.0 = Release|Any CPU
		{C3C571B1-C7AB-4D16-8C09-E8FDE7C0E13B}.Debug|Any CPU.ActiveCfg = Debug|Any CPU
		{C3C571B1-C7AB-4D16-8C09-E8FDE7C0E13B}.Debug|Any CPU.Build.0 = Debug|Any CPU
		{C3C571B1-C7AB-4D16-8C09-E8FDE7C0E13B}.Release|Any CPU.ActiveCfg = Release|Any CPU
		{C3C571B1-C7AB-4D16-8C09-E8FDE7C0E13B}.Release|Any CPU.Build.0 = Release|Any CPU
		{EBBD0333-6548-40CE-A8DA-508FDE6F2498}.Debug|Any CPU.ActiveCfg = Debug|Any CPU
		{EBBD0333-6548-40CE-A8DA-508FDE6F2498}.Debug|Any CPU.Build.0 = Debug|Any CPU
		{EBBD0333-6548-40CE-A8DA-508FDE6F2498}.Release|Any CPU.ActiveCfg = Release|Any CPU
		{EBBD0333-6548-40CE-A8DA-508FDE6F2498}.Release|Any CPU.Build.0 = Release|Any CPU
		{E8D83D67-B157-42D1-AA97-4F34BD98F57F}.Debug|Any CPU.ActiveCfg = Debug|Any CPU
		{E8D83D67-B157-42D1-AA97-4F34BD98F57F}.Debug|Any CPU.Build.0 = Debug|Any CPU
		{E8D83D67-B157-42D1-AA97-4F34BD98F57F}.Release|Any CPU.ActiveCfg = Release|Any CPU
		{E8D83D67-B157-42D1-AA97-4F34BD98F57F}.Release|Any CPU.Build.0 = Release|Any CPU
		{78852A72-71D0-49E4-ACA0-C3BCE9DCD3A9}.Debug|Any CPU.ActiveCfg = Debug|Any CPU
		{78852A72-71D0-49E4-ACA0-C3BCE9DCD3A9}.Debug|Any CPU.Build.0 = Debug|Any CPU
		{78852A72-71D0-49E4-ACA0-C3BCE9DCD3A9}.Release|Any CPU.ActiveCfg = Release|Any CPU
		{78852A72-71D0-49E4-ACA0-C3BCE9DCD3A9}.Release|Any CPU.Build.0 = Release|Any CPU
		{2964F2C6-8CB6-44B8-895D-2C0C32E6995D}.Debug|Any CPU.ActiveCfg = Debug|Any CPU
		{2964F2C6-8CB6-44B8-895D-2C0C32E6995D}.Debug|Any CPU.Build.0 = Debug|Any CPU
		{2964F2C6-8CB6-44B8-895D-2C0C32E6995D}.Release|Any CPU.ActiveCfg = Release|Any CPU
		{2964F2C6-8CB6-44B8-895D-2C0C32E6995D}.Release|Any CPU.Build.0 = Release|Any CPU
		{47F52B9C-1FB0-4D3A-B41C-4D710567A2D1}.Debug|Any CPU.ActiveCfg = Debug|Any CPU
		{47F52B9C-1FB0-4D3A-B41C-4D710567A2D1}.Debug|Any CPU.Build.0 = Debug|Any CPU
		{47F52B9C-1FB0-4D3A-B41C-4D710567A2D1}.Release|Any CPU.ActiveCfg = Release|Any CPU
		{47F52B9C-1FB0-4D3A-B41C-4D710567A2D1}.Release|Any CPU.Build.0 = Release|Any CPU
		{F8BF3F0E-5B07-4165-A540-984509C6D1D4}.Debug|Any CPU.ActiveCfg = Debug|Any CPU
		{F8BF3F0E-5B07-4165-A540-984509C6D1D4}.Debug|Any CPU.Build.0 = Debug|Any CPU
		{F8BF3F0E-5B07-4165-A540-984509C6D1D4}.Release|Any CPU.ActiveCfg = Release|Any CPU
		{F8BF3F0E-5B07-4165-A540-984509C6D1D4}.Release|Any CPU.Build.0 = Release|Any CPU
		{2141AF5B-693F-4728-9BBB-C8C50D9FF50A}.Debug|Any CPU.ActiveCfg = Debug|Any CPU
		{2141AF5B-693F-4728-9BBB-C8C50D9FF50A}.Debug|Any CPU.Build.0 = Debug|Any CPU
		{2141AF5B-693F-4728-9BBB-C8C50D9FF50A}.Release|Any CPU.ActiveCfg = Release|Any CPU
		{2141AF5B-693F-4728-9BBB-C8C50D9FF50A}.Release|Any CPU.Build.0 = Release|Any CPU
		{63994B9B-7264-45EE-A120-127E2B5E305E}.Debug|Any CPU.ActiveCfg = Debug|Any CPU
		{63994B9B-7264-45EE-A120-127E2B5E305E}.Debug|Any CPU.Build.0 = Debug|Any CPU
		{63994B9B-7264-45EE-A120-127E2B5E305E}.Release|Any CPU.ActiveCfg = Release|Any CPU
		{63994B9B-7264-45EE-A120-127E2B5E305E}.Release|Any CPU.Build.0 = Release|Any CPU
		{0183F6D3-75D7-4BD5-AA09-D97D12F1A80A}.Debug|Any CPU.ActiveCfg = Debug|Any CPU
		{0183F6D3-75D7-4BD5-AA09-D97D12F1A80A}.Debug|Any CPU.Build.0 = Debug|Any CPU
		{0183F6D3-75D7-4BD5-AA09-D97D12F1A80A}.Release|Any CPU.ActiveCfg = Release|Any CPU
		{0183F6D3-75D7-4BD5-AA09-D97D12F1A80A}.Release|Any CPU.Build.0 = Release|Any CPU
		{572B051F-B7E2-439D-87B3-C99B2B87C3FD}.Debug|Any CPU.ActiveCfg = Debug|Any CPU
		{572B051F-B7E2-439D-87B3-C99B2B87C3FD}.Debug|Any CPU.Build.0 = Debug|Any CPU
		{572B051F-B7E2-439D-87B3-C99B2B87C3FD}.Release|Any CPU.ActiveCfg = Release|Any CPU
		{572B051F-B7E2-439D-87B3-C99B2B87C3FD}.Release|Any CPU.Build.0 = Release|Any CPU
	EndGlobalSection
	GlobalSection(SolutionProperties) = preSolution
		HideSolutionNode = FALSE
	EndGlobalSection
	GlobalSection(NestedProjects) = preSolution
		{06C1EF42-D622-45D2-B375-823FA8CE6142} = {65A4764A-0032-4613-B0D0-1988AB67AB92}
		{701C6097-17A3-4DBE-AF84-90DEAF3019F6} = {65A4764A-0032-4613-B0D0-1988AB67AB92}
		{7B7BFBBC-55CF-4165-96C6-8F968826B8F6} = {65A4764A-0032-4613-B0D0-1988AB67AB92}
		{577F21A9-5B83-4E60-BD79-89E1E311FF41} = {88FEB27F-CB56-41DD-BEE1-21E480240B67}
		{58152895-F8E3-4F98-AF0A-A1D6B8C6060D} = {88FEB27F-CB56-41DD-BEE1-21E480240B67}
		{96964AC0-576E-4464-993F-D49944DAA654} = {88FEB27F-CB56-41DD-BEE1-21E480240B67}
		{461BC1AB-94DE-4C02-99F4-B1755969C0C6} = {756136C4-8F8A-42EE-B7AC-B2CDB6F39291}
		{B21722E8-2C7D-4EA5-99DA-95B6115089B7} = {756136C4-8F8A-42EE-B7AC-B2CDB6F39291}
		{743A807E-37DA-434A-80EE-1F3F7353BCB3} = {756136C4-8F8A-42EE-B7AC-B2CDB6F39291}
		{3685C6F8-8917-4519-8E83-C7E8AB8142DE} = {72A99609-F929-4282-A750-E6AA8CDDAE7C}
		{04B8E1F6-CD93-4A9F-B19F-B664B703F057} = {72A99609-F929-4282-A750-E6AA8CDDAE7C}
		{D180078C-F156-4968-8054-36F493B9DD0C} = {72A99609-F929-4282-A750-E6AA8CDDAE7C}
		{3BA5E0D9-F3C9-4CB6-BD07-0ABC6F69FB57} = {B1C8583D-65A6-4170-BAA8-1005B2FDD9E1}
		{C3C571B1-C7AB-4D16-8C09-E8FDE7C0E13B} = {B1C8583D-65A6-4170-BAA8-1005B2FDD9E1}
		{EBBD0333-6548-40CE-A8DA-508FDE6F2498} = {B1C8583D-65A6-4170-BAA8-1005B2FDD9E1}
		{78852A72-71D0-49E4-ACA0-C3BCE9DCD3A9} = {B1C8583D-65A6-4170-BAA8-1005B2FDD9E1}
		{47F52B9C-1FB0-4D3A-B41C-4D710567A2D1} = {08BB1EFC-15E3-409B-9273-E7FC0813AD79}
		{F8BF3F0E-5B07-4165-A540-984509C6D1D4} = {08BB1EFC-15E3-409B-9273-E7FC0813AD79}
		{2141AF5B-693F-4728-9BBB-C8C50D9FF50A} = {08BB1EFC-15E3-409B-9273-E7FC0813AD79}
		{63994B9B-7264-45EE-A120-127E2B5E305E} = {20D83271-3071-458F-95E2-E8E1F8956B0D}
		{0183F6D3-75D7-4BD5-AA09-D97D12F1A80A} = {20D83271-3071-458F-95E2-E8E1F8956B0D}
		{572B051F-B7E2-439D-87B3-C99B2B87C3FD} = {20D83271-3071-458F-95E2-E8E1F8956B0D}
	EndGlobalSection
	GlobalSection(ExtensibilityGlobals) = postSolution
		SolutionGuid = {FE62A772-D1C3-47BE-A5B4-54EE5CADE819}
	EndGlobalSection
EndGlobal
